
Microsoft Visual Studio Solution File, Format Version 12.00
# Visual Studio Version 16
VisualStudioVersion = 16.0.29806.167
MinimumVisualStudioVersion = 10.0.40219.1
Project("{9A19103F-16F7-4668-BE54-9A1E7A4F7556}") = "TechCellsTask", "TechCellsTask\TechCellsTask.csproj", "{3A7E0009-54F7-4CD8-A586-B9AAA3B8FC98}"
EndProject
Project("{FAE04EC0-301F-11D3-BF4B-00C04F79EFBC}") = "TechCellsTask.Test", "TechCellsTask.Test\TechCellsTask.Test.csproj", "{5A444AEC-8005-4CED-A5E4-340AE1A12269}"
EndProject
Global
	GlobalSection(SolutionConfigurationPlatforms) = preSolution
		Debug|Any CPU = Debug|Any CPU
		Release|Any CPU = Release|Any CPU
	EndGlobalSection
	GlobalSection(ProjectConfigurationPlatforms) = postSolution
		{3A7E0009-54F7-4CD8-A586-B9AAA3B8FC98}.Debug|Any CPU.ActiveCfg = Debug|Any CPU
		{3A7E0009-54F7-4CD8-A586-B9AAA3B8FC98}.Debug|Any CPU.Build.0 = Debug|Any CPU
		{3A7E0009-54F7-4CD8-A586-B9AAA3B8FC98}.Release|Any CPU.ActiveCfg = Release|Any CPU
		{3A7E0009-54F7-4CD8-A586-B9AAA3B8FC98}.Release|Any CPU.Build.0 = Release|Any CPU
		{5A444AEC-8005-4CED-A5E4-340AE1A12269}.Debug|Any CPU.ActiveCfg = Debug|Any CPU
		{5A444AEC-8005-4CED-A5E4-340AE1A12269}.Debug|Any CPU.Build.0 = Debug|Any CPU
		{5A444AEC-8005-4CED-A5E4-340AE1A12269}.Release|Any CPU.ActiveCfg = Release|Any CPU
		{5A444AEC-8005-4CED-A5E4-340AE1A12269}.Release|Any CPU.Build.0 = Release|Any CPU
	EndGlobalSection
	GlobalSection(SolutionProperties) = preSolution
		HideSolutionNode = FALSE
	EndGlobalSection
	GlobalSection(ExtensibilityGlobals) = postSolution
		SolutionGuid = {251CF12F-56FF-44A3-8675-17E6AD2B1CB9}
	EndGlobalSection
EndGlobal
